// !$*UTF8*$!
{
	archiveVersion = 1;
	classes = {
	};
	objectVersion = 46;
	objects = {

/* Begin PBXBuildFile section */
		17FB31507EC41FD069E4AAE8 /* libPods-gmailLoginTests.a in Frameworks */ = {isa = PBXBuildFile; fileRef = 58E09FD32496430F647D9966 /* libPods-gmailLoginTests.a */; };
		5E9FE16BD64DF4705B9E246D /* libPods-gmailLoginUITests.a in Frameworks */ = {isa = PBXBuildFile; fileRef = F8AFDF871BE25F75FC3D9496 /* libPods-gmailLoginUITests.a */; };
		A74A567D95E37763E36A455A /* libPods-gmailLogin.a in Frameworks */ = {isa = PBXBuildFile; fileRef = D81B0AD5B088010BFB7C0F55 /* libPods-gmailLogin.a */; };
		F6E566871F31CF4700EA4F6F /* main.m in Sources */ = {isa = PBXBuildFile; fileRef = F6E566861F31CF4700EA4F6F /* main.m */; };
		F6E5668A1F31CF4700EA4F6F /* AppDelegate.m in Sources */ = {isa = PBXBuildFile; fileRef = F6E566891F31CF4700EA4F6F /* AppDelegate.m */; };
		F6E5668D1F31CF4800EA4F6F /* ViewController.m in Sources */ = {isa = PBXBuildFile; fileRef = F6E5668C1F31CF4800EA4F6F /* ViewController.m */; };
		F6E566901F31CF4800EA4F6F /* Main.storyboard in Resources */ = {isa = PBXBuildFile; fileRef = F6E5668E1F31CF4800EA4F6F /* Main.storyboard */; };
		F6E566921F31CF4800EA4F6F /* Assets.xcassets in Resources */ = {isa = PBXBuildFile; fileRef = F6E566911F31CF4800EA4F6F /* Assets.xcassets */; };
		F6E566951F31CF4800EA4F6F /* LaunchScreen.storyboard in Resources */ = {isa = PBXBuildFile; fileRef = F6E566931F31CF4800EA4F6F /* LaunchScreen.storyboard */; };
		F6E566A01F31CF4800EA4F6F /* gmailLoginTests.m in Sources */ = {isa = PBXBuildFile; fileRef = F6E5669F1F31CF4800EA4F6F /* gmailLoginTests.m */; };
		F6E566AB1F31CF4800EA4F6F /* gmailLoginUITests.m in Sources */ = {isa = PBXBuildFile; fileRef = F6E566AA1F31CF4800EA4F6F /* gmailLoginUITests.m */; };
/* End PBXBuildFile section */

/* Begin PBXContainerItemProxy section */
		F6E5669C1F31CF4800EA4F6F /* PBXContainerItemProxy */ = {
			isa = PBXContainerItemProxy;
			containerPortal = F6E5667A1F31CF4700EA4F6F /* Project object */;
			proxyType = 1;
			remoteGlobalIDString = F6E566811F31CF4700EA4F6F;
			remoteInfo = gmailLogin;
		};
		F6E566A71F31CF4800EA4F6F /* PBXContainerItemProxy */ = {
			isa = PBXContainerItemProxy;
			containerPortal = F6E5667A1F31CF4700EA4F6F /* Project object */;
			proxyType = 1;
			remoteGlobalIDString = F6E566811F31CF4700EA4F6F;
			remoteInfo = gmailLogin;
		};
/* End PBXContainerItemProxy section */

/* Begin PBXFileReference section */
		1A24FEAFC8439C713C965878 /* Pods-gmailLogin.debug.xcconfig */ = {isa = PBXFileReference; includeInIndex = 1; lastKnownFileType = text.xcconfig; name = "Pods-gmailLogin.debug.xcconfig"; path = "Pods/Target Support Files/Pods-gmailLogin/Pods-gmailLogin.debug.xcconfig"; sourceTree = "<group>"; };
		535150E9BA94D16AF265AAB5 /* Pods-gmailLoginTests.debug.xcconfig */ = {isa = PBXFileReference; includeInIndex = 1; lastKnownFileType = text.xcconfig; name = "Pods-gmailLoginTests.debug.xcconfig"; path = "Pods/Target Support Files/Pods-gmailLoginTests/Pods-gmailLoginTests.debug.xcconfig"; sourceTree = "<group>"; };
		58E09FD32496430F647D9966 /* libPods-gmailLoginTests.a */ = {isa = PBXFileReference; explicitFileType = archive.ar; includeInIndex = 0; path = "libPods-gmailLoginTests.a"; sourceTree = BUILT_PRODUCTS_DIR; };
		8BA67A4650E289907417731A /* Pods-gmailLogin.release.xcconfig */ = {isa = PBXFileReference; includeInIndex = 1; lastKnownFileType = text.xcconfig; name = "Pods-gmailLogin.release.xcconfig"; path = "Pods/Target Support Files/Pods-gmailLogin/Pods-gmailLogin.release.xcconfig"; sourceTree = "<group>"; };
		92174306E9D72B76B045FB5F /* Pods-gmailLoginUITests.debug.xcconfig */ = {isa = PBXFileReference; includeInIndex = 1; lastKnownFileType = text.xcconfig; name = "Pods-gmailLoginUITests.debug.xcconfig"; path = "Pods/Target Support Files/Pods-gmailLoginUITests/Pods-gmailLoginUITests.debug.xcconfig"; sourceTree = "<group>"; };
		BB3C4133CE7E9891720AB30B /* Pods-gmailLoginTests.release.xcconfig */ = {isa = PBXFileReference; includeInIndex = 1; lastKnownFileType = text.xcconfig; name = "Pods-gmailLoginTests.release.xcconfig"; path = "Pods/Target Support Files/Pods-gmailLoginTests/Pods-gmailLoginTests.release.xcconfig"; sourceTree = "<group>"; };
		D6773EBF8E727BDBEB5FA826 /* Pods-gmailLoginUITests.release.xcconfig */ = {isa = PBXFileReference; includeInIndex = 1; lastKnownFileType = text.xcconfig; name = "Pods-gmailLoginUITests.release.xcconfig"; path = "Pods/Target Support Files/Pods-gmailLoginUITests/Pods-gmailLoginUITests.release.xcconfig"; sourceTree = "<group>"; };
		D81B0AD5B088010BFB7C0F55 /* libPods-gmailLogin.a */ = {isa = PBXFileReference; explicitFileType = archive.ar; includeInIndex = 0; path = "libPods-gmailLogin.a"; sourceTree = BUILT_PRODUCTS_DIR; };
		F6E566821F31CF4700EA4F6F /* gmailLogin.app */ = {isa = PBXFileReference; explicitFileType = wrapper.application; includeInIndex = 0; path = gmailLogin.app; sourceTree = BUILT_PRODUCTS_DIR; };
		F6E566861F31CF4700EA4F6F /* main.m */ = {isa = PBXFileReference; lastKnownFileType = sourcecode.c.objc; path = main.m; sourceTree = "<group>"; };
		F6E566881F31CF4700EA4F6F /* AppDelegate.h */ = {isa = PBXFileReference; lastKnownFileType = sourcecode.c.h; path = AppDelegate.h; sourceTree = "<group>"; };
		F6E566891F31CF4700EA4F6F /* AppDelegate.m */ = {isa = PBXFileReference; lastKnownFileType = sourcecode.c.objc; path = AppDelegate.m; sourceTree = "<group>"; };
		F6E5668B1F31CF4700EA4F6F /* ViewController.h */ = {isa = PBXFileReference; lastKnownFileType = sourcecode.c.h; path = ViewController.h; sourceTree = "<group>"; };
		F6E5668C1F31CF4800EA4F6F /* ViewController.m */ = {isa = PBXFileReference; lastKnownFileType = sourcecode.c.objc; path = ViewController.m; sourceTree = "<group>"; };
		F6E5668F1F31CF4800EA4F6F /* Base */ = {isa = PBXFileReference; lastKnownFileType = file.storyboard; name = Base; path = Base.lproj/Main.storyboard; sourceTree = "<group>"; };
		F6E566911F31CF4800EA4F6F /* Assets.xcassets */ = {isa = PBXFileReference; lastKnownFileType = folder.assetcatalog; path = Assets.xcassets; sourceTree = "<group>"; };
		F6E566941F31CF4800EA4F6F /* Base */ = {isa = PBXFileReference; lastKnownFileType = file.storyboard; name = Base; path = Base.lproj/LaunchScreen.storyboard; sourceTree = "<group>"; };
		F6E566961F31CF4800EA4F6F /* Info.plist */ = {isa = PBXFileReference; lastKnownFileType = text.plist.xml; path = Info.plist; sourceTree = "<group>"; };
		F6E5669B1F31CF4800EA4F6F /* gmailLoginTests.xctest */ = {isa = PBXFileReference; explicitFileType = wrapper.cfbundle; includeInIndex = 0; path = gmailLoginTests.xctest; sourceTree = BUILT_PRODUCTS_DIR; };
		F6E5669F1F31CF4800EA4F6F /* gmailLoginTests.m */ = {isa = PBXFileReference; lastKnownFileType = sourcecode.c.objc; path = gmailLoginTests.m; sourceTree = "<group>"; };
		F6E566A11F31CF4800EA4F6F /* Info.plist */ = {isa = PBXFileReference; lastKnownFileType = text.plist.xml; path = Info.plist; sourceTree = "<group>"; };
		F6E566A61F31CF4800EA4F6F /* gmailLoginUITests.xctest */ = {isa = PBXFileReference; explicitFileType = wrapper.cfbundle; includeInIndex = 0; path = gmailLoginUITests.xctest; sourceTree = BUILT_PRODUCTS_DIR; };
		F6E566AA1F31CF4800EA4F6F /* gmailLoginUITests.m */ = {isa = PBXFileReference; lastKnownFileType = sourcecode.c.objc; path = gmailLoginUITests.m; sourceTree = "<group>"; };
		F6E566AC1F31CF4800EA4F6F /* Info.plist */ = {isa = PBXFileReference; lastKnownFileType = text.plist.xml; path = Info.plist; sourceTree = "<group>"; };
		F8AFDF871BE25F75FC3D9496 /* libPods-gmailLoginUITests.a */ = {isa = PBXFileReference; explicitFileType = archive.ar; includeInIndex = 0; path = "libPods-gmailLoginUITests.a"; sourceTree = BUILT_PRODUCTS_DIR; };
/* End PBXFileReference section */

/* Begin PBXFrameworksBuildPhase section */
		F6E5667F1F31CF4700EA4F6F /* Frameworks */ = {
			isa = PBXFrameworksBuildPhase;
			buildActionMask = 2147483647;
			files = (
				A74A567D95E37763E36A455A /* libPods-gmailLogin.a in Frameworks */,
			);
			runOnlyForDeploymentPostprocessing = 0;
		};
		F6E566981F31CF4800EA4F6F /* Frameworks */ = {
			isa = PBXFrameworksBuildPhase;
			buildActionMask = 2147483647;
			files = (
				17FB31507EC41FD069E4AAE8 /* libPods-gmailLoginTests.a in Frameworks */,
			);
			runOnlyForDeploymentPostprocessing = 0;
		};
		F6E566A31F31CF4800EA4F6F /* Frameworks */ = {
			isa = PBXFrameworksBuildPhase;
			buildActionMask = 2147483647;
			files = (
				5E9FE16BD64DF4705B9E246D /* libPods-gmailLoginUITests.a in Frameworks */,
			);
			runOnlyForDeploymentPostprocessing = 0;
		};
/* End PBXFrameworksBuildPhase section */

/* Begin PBXGroup section */
		6E7C2A353B5B5709B41DE48B /* Frameworks */ = {
			isa = PBXGroup;
			children = (
				D81B0AD5B088010BFB7C0F55 /* libPods-gmailLogin.a */,
				58E09FD32496430F647D9966 /* libPods-gmailLoginTests.a */,
				F8AFDF871BE25F75FC3D9496 /* libPods-gmailLoginUITests.a */,
			);
			name = Frameworks;
			sourceTree = "<group>";
		};
		D2D03C0AF2935129506AD425 /* Pods */ = {
			isa = PBXGroup;
			children = (
				1A24FEAFC8439C713C965878 /* Pods-gmailLogin.debug.xcconfig */,
				8BA67A4650E289907417731A /* Pods-gmailLogin.release.xcconfig */,
				535150E9BA94D16AF265AAB5 /* Pods-gmailLoginTests.debug.xcconfig */,
				BB3C4133CE7E9891720AB30B /* Pods-gmailLoginTests.release.xcconfig */,
				92174306E9D72B76B045FB5F /* Pods-gmailLoginUITests.debug.xcconfig */,
				D6773EBF8E727BDBEB5FA826 /* Pods-gmailLoginUITests.release.xcconfig */,
			);
			name = Pods;
			sourceTree = "<group>";
		};
		F6E566791F31CF4600EA4F6F = {
			isa = PBXGroup;
			children = (
				F6E566841F31CF4700EA4F6F /* gmailLogin */,
				F6E5669E1F31CF4800EA4F6F /* gmailLoginTests */,
				F6E566A91F31CF4800EA4F6F /* gmailLoginUITests */,
				F6E566831F31CF4700EA4F6F /* Products */,
				D2D03C0AF2935129506AD425 /* Pods */,
				6E7C2A353B5B5709B41DE48B /* Frameworks */,
			);
			sourceTree = "<group>";
		};
		F6E566831F31CF4700EA4F6F /* Products */ = {
			isa = PBXGroup;
			children = (
				F6E566821F31CF4700EA4F6F /* gmailLogin.app */,
				F6E5669B1F31CF4800EA4F6F /* gmailLoginTests.xctest */,
				F6E566A61F31CF4800EA4F6F /* gmailLoginUITests.xctest */,
			);
			name = Products;
			sourceTree = "<group>";
		};
		F6E566841F31CF4700EA4F6F /* gmailLogin */ = {
			isa = PBXGroup;
			children = (
				F6E566881F31CF4700EA4F6F /* AppDelegate.h */,
				F6E566891F31CF4700EA4F6F /* AppDelegate.m */,
				F6E5668B1F31CF4700EA4F6F /* ViewController.h */,
				F6E5668C1F31CF4800EA4F6F /* ViewController.m */,
				F6E5668E1F31CF4800EA4F6F /* Main.storyboard */,
				F6E566911F31CF4800EA4F6F /* Assets.xcassets */,
				F6E566931F31CF4800EA4F6F /* LaunchScreen.storyboard */,
				F6E566961F31CF4800EA4F6F /* Info.plist */,
				F6E566851F31CF4700EA4F6F /* Supporting Files */,
			);
			path = gmailLogin;
			sourceTree = "<group>";
		};
		F6E566851F31CF4700EA4F6F /* Supporting Files */ = {
			isa = PBXGroup;
			children = (
				F6E566861F31CF4700EA4F6F /* main.m */,
			);
			name = "Supporting Files";
			sourceTree = "<group>";
		};
		F6E5669E1F31CF4800EA4F6F /* gmailLoginTests */ = {
			isa = PBXGroup;
			children = (
				F6E5669F1F31CF4800EA4F6F /* gmailLoginTests.m */,
				F6E566A11F31CF4800EA4F6F /* Info.plist */,
			);
			path = gmailLoginTests;
			sourceTree = "<group>";
		};
		F6E566A91F31CF4800EA4F6F /* gmailLoginUITests */ = {
			isa = PBXGroup;
			children = (
				F6E566AA1F31CF4800EA4F6F /* gmailLoginUITests.m */,
				F6E566AC1F31CF4800EA4F6F /* Info.plist */,
			);
			path = gmailLoginUITests;
			sourceTree = "<group>";
		};
/* End PBXGroup section */

/* Begin PBXNativeTarget section */
		F6E566811F31CF4700EA4F6F /* gmailLogin */ = {
			isa = PBXNativeTarget;
			buildConfigurationList = F6E566AF1F31CF4800EA4F6F /* Build configuration list for PBXNativeTarget "gmailLogin" */;
			buildPhases = (
				009BA051D04948EA24F8A9B2 /* [CP] Check Pods Manifest.lock */,
				F6E5667E1F31CF4700EA4F6F /* Sources */,
				F6E5667F1F31CF4700EA4F6F /* Frameworks */,
				F6E566801F31CF4700EA4F6F /* Resources */,
				CD4A55C4B380B4FE6A0C82B3 /* [CP] Embed Pods Frameworks */,
				348496041774971B50FE82D7 /* [CP] Copy Pods Resources */,
			);
			buildRules = (
			);
			dependencies = (
			);
			name = gmailLogin;
			productName = gmailLogin;
			productReference = F6E566821F31CF4700EA4F6F /* gmailLogin.app */;
			productType = "com.apple.product-type.application";
		};
		F6E5669A1F31CF4800EA4F6F /* gmailLoginTests */ = {
			isa = PBXNativeTarget;
			buildConfigurationList = F6E566B21F31CF4800EA4F6F /* Build configuration list for PBXNativeTarget "gmailLoginTests" */;
			buildPhases = (
				CD804673FF681D44E0E33EA4 /* [CP] Check Pods Manifest.lock */,
				F6E566971F31CF4800EA4F6F /* Sources */,
				F6E566981F31CF4800EA4F6F /* Frameworks */,
				F6E566991F31CF4800EA4F6F /* Resources */,
				6315C361B72EA08CDA568762 /* [CP] Embed Pods Frameworks */,
				EECE3A4E2C786349A5D9E744 /* [CP] Copy Pods Resources */,
			);
			buildRules = (
			);
			dependencies = (
				F6E5669D1F31CF4800EA4F6F /* PBXTargetDependency */,
			);
			name = gmailLoginTests;
			productName = gmailLoginTests;
			productReference = F6E5669B1F31CF4800EA4F6F /* gmailLoginTests.xctest */;
			productType = "com.apple.product-type.bundle.unit-test";
		};
		F6E566A51F31CF4800EA4F6F /* gmailLoginUITests */ = {
			isa = PBXNativeTarget;
			buildConfigurationList = F6E566B51F31CF4800EA4F6F /* Build configuration list for PBXNativeTarget "gmailLoginUITests" */;
			buildPhases = (
				8B096537073257236D6A5927 /* [CP] Check Pods Manifest.lock */,
				F6E566A21F31CF4800EA4F6F /* Sources */,
				F6E566A31F31CF4800EA4F6F /* Frameworks */,
				F6E566A41F31CF4800EA4F6F /* Resources */,
				36B4541A2F490D72A9CAC149 /* [CP] Embed Pods Frameworks */,
				E7D37D5F98A0ADE27F9552CD /* [CP] Copy Pods Resources */,
			);
			buildRules = (
			);
			dependencies = (
				F6E566A81F31CF4800EA4F6F /* PBXTargetDependency */,
			);
			name = gmailLoginUITests;
			productName = gmailLoginUITests;
			productReference = F6E566A61F31CF4800EA4F6F /* gmailLoginUITests.xctest */;
			productType = "com.apple.product-type.bundle.ui-testing";
		};
/* End PBXNativeTarget section */

/* Begin PBXProject section */
		F6E5667A1F31CF4700EA4F6F /* Project object */ = {
			isa = PBXProject;
			attributes = {
				LastUpgradeCheck = 0800;
				ORGANIZATIONNAME = "Pipl-10";
				TargetAttributes = {
					F6E566811F31CF4700EA4F6F = {
						CreatedOnToolsVersion = 8.0;
						ProvisioningStyle = Automatic;
					};
					F6E5669A1F31CF4800EA4F6F = {
						CreatedOnToolsVersion = 8.0;
						ProvisioningStyle = Automatic;
						TestTargetID = F6E566811F31CF4700EA4F6F;
					};
					F6E566A51F31CF4800EA4F6F = {
						CreatedOnToolsVersion = 8.0;
						ProvisioningStyle = Automatic;
						TestTargetID = F6E566811F31CF4700EA4F6F;
					};
				};
			};
			buildConfigurationList = F6E5667D1F31CF4700EA4F6F /* Build configuration list for PBXProject "gmailLogin" */;
			compatibilityVersion = "Xcode 3.2";
			developmentRegion = English;
			hasScannedForEncodings = 0;
			knownRegions = (
				en,
				Base,
			);
			mainGroup = F6E566791F31CF4600EA4F6F;
			productRefGroup = F6E566831F31CF4700EA4F6F /* Products */;
			projectDirPath = "";
			projectRoot = "";
			targets = (
				F6E566811F31CF4700EA4F6F /* gmailLogin */,
				F6E5669A1F31CF4800EA4F6F /* gmailLoginTests */,
				F6E566A51F31CF4800EA4F6F /* gmailLoginUITests */,
			);
		};
/* End PBXProject section */

/* Begin PBXResourcesBuildPhase section */
		F6E566801F31CF4700EA4F6F /* Resources */ = {
			isa = PBXResourcesBuildPhase;
			buildActionMask = 2147483647;
			files = (
				F6E566951F31CF4800EA4F6F /* LaunchScreen.storyboard in Resources */,
				F6E566921F31CF4800EA4F6F /* Assets.xcassets in Resources */,
				F6E566901F31CF4800EA4F6F /* Main.storyboard in Resources */,
			);
			runOnlyForDeploymentPostprocessing = 0;
		};
		F6E566991F31CF4800EA4F6F /* Resources */ = {
			isa = PBXResourcesBuildPhase;
			buildActionMask = 2147483647;
			files = (
			);
			runOnlyForDeploymentPostprocessing = 0;
		};
		F6E566A41F31CF4800EA4F6F /* Resources */ = {
			isa = PBXResourcesBuildPhase;
			buildActionMask = 2147483647;
			files = (
			);
			runOnlyForDeploymentPostprocessing = 0;
		};
/* End PBXResourcesBuildPhase section */

/* Begin PBXShellScriptBuildPhase section */
		009BA051D04948EA24F8A9B2 /* [CP] Check Pods Manifest.lock */ = {
			isa = PBXShellScriptBuildPhase;
			buildActionMask = 2147483647;
			files = (
			);
			inputPaths = (
			);
			name = "[CP] Check Pods Manifest.lock";
			outputPaths = (
			);
			runOnlyForDeploymentPostprocessing = 0;
			shellPath = /bin/sh;
			shellScript = "diff \"${PODS_PODFILE_DIR_PATH}/Podfile.lock\" \"${PODS_ROOT}/Manifest.lock\" > /dev/null\nif [ $? != 0 ] ; then\n    # print error to STDERR\n    echo \"error: The sandbox is not in sync with the Podfile.lock. Run 'pod install' or update your CocoaPods installation.\" >&2\n    exit 1\nfi\n";
			showEnvVarsInLog = 0;
		};
		348496041774971B50FE82D7 /* [CP] Copy Pods Resources */ = {
			isa = PBXShellScriptBuildPhase;
			buildActionMask = 2147483647;
			files = (
			);
			inputPaths = (
			);
			name = "[CP] Copy Pods Resources";
			outputPaths = (
			);
			runOnlyForDeploymentPostprocessing = 0;
			shellPath = /bin/sh;
			shellScript = "\"${SRCROOT}/Pods/Target Support Files/Pods-gmailLogin/Pods-gmailLogin-resources.sh\"\n";
			showEnvVarsInLog = 0;
		};
		36B4541A2F490D72A9CAC149 /* [CP] Embed Pods Frameworks */ = {
			isa = PBXShellScriptBuildPhase;
			buildActionMask = 2147483647;
			files = (
			);
			inputPaths = (
			);
			name = "[CP] Embed Pods Frameworks";
			outputPaths = (
			);
			runOnlyForDeploymentPostprocessing = 0;
			shellPath = /bin/sh;
			shellScript = "\"${SRCROOT}/Pods/Target Support Files/Pods-gmailLoginUITests/Pods-gmailLoginUITests-frameworks.sh\"\n";
			showEnvVarsInLog = 0;
		};
		6315C361B72EA08CDA568762 /* [CP] Embed Pods Frameworks */ = {
			isa = PBXShellScriptBuildPhase;
			buildActionMask = 2147483647;
			files = (
			);
			inputPaths = (
			);
			name = "[CP] Embed Pods Frameworks";
			outputPaths = (
			);
			runOnlyForDeploymentPostprocessing = 0;
			shellPath = /bin/sh;
			shellScript = "\"${SRCROOT}/Pods/Target Support Files/Pods-gmailLoginTests/Pods-gmailLoginTests-frameworks.sh\"\n";
			showEnvVarsInLog = 0;
		};
		8B096537073257236D6A5927 /* [CP] Check Pods Manifest.lock */ = {
			isa = PBXShellScriptBuildPhase;
			buildActionMask = 2147483647;
			files = (
			);
			inputPaths = (
			);
			name = "[CP] Check Pods Manifest.lock";
			outputPaths = (
			);
			runOnlyForDeploymentPostprocessing = 0;
			shellPath = /bin/sh;
			shellScript = "diff \"${PODS_PODFILE_DIR_PATH}/Podfile.lock\" \"${PODS_ROOT}/Manifest.lock\" > /dev/null\nif [ $? != 0 ] ; then\n    # print error to STDERR\n    echo \"error: The sandbox is not in sync with the Podfile.lock. Run 'pod install' or update your CocoaPods installation.\" >&2\n    exit 1\nfi\n";
			showEnvVarsInLog = 0;
		};
		CD4A55C4B380B4FE6A0C82B3 /* [CP] Embed Pods Frameworks */ = {
			isa = PBXShellScriptBuildPhase;
			buildActionMask = 2147483647;
			files = (
			);
			inputPaths = (
			);
			name = "[CP] Embed Pods Frameworks";
			outputPaths = (
			);
			runOnlyForDeploymentPostprocessing = 0;
			shellPath = /bin/sh;
			shellScript = "\"${SRCROOT}/Pods/Target Support Files/Pods-gmailLogin/Pods-gmailLogin-frameworks.sh\"\n";
			showEnvVarsInLog = 0;
		};
		CD804673FF681D44E0E33EA4 /* [CP] Check Pods Manifest.lock */ = {
			isa = PBXShellScriptBuildPhase;
			buildActionMask = 2147483647;
			files = (
			);
			inputPaths = (
			);
			name = "[CP] Check Pods Manifest.lock";
			outputPaths = (
			);
			runOnlyForDeploymentPostprocessing = 0;
			shellPath = /bin/sh;
			shellScript = "diff \"${PODS_PODFILE_DIR_PATH}/Podfile.lock\" \"${PODS_ROOT}/Manifest.lock\" > /dev/null\nif [ $? != 0 ] ; then\n    # print error to STDERR\n    echo \"error: The sandbox is not in sync with the Podfile.lock. Run 'pod install' or update your CocoaPods installation.\" >&2\n    exit 1\nfi\n";
			showEnvVarsInLog = 0;
		};
		E7D37D5F98A0ADE27F9552CD /* [CP] Copy Pods Resources */ = {
			isa = PBXShellScriptBuildPhase;
			buildActionMask = 2147483647;
			files = (
			);
			inputPaths = (
			);
			name = "[CP] Copy Pods Resources";
			outputPaths = (
			);
			runOnlyForDeploymentPostprocessing = 0;
			shellPath = /bin/sh;
			shellScript = "\"${SRCROOT}/Pods/Target Support Files/Pods-gmailLoginUITests/Pods-gmailLoginUITests-resources.sh\"\n";
			showEnvVarsInLog = 0;
		};
		EECE3A4E2C786349A5D9E744 /* [CP] Copy Pods Resources */ = {
			isa = PBXShellScriptBuildPhase;
			buildActionMask = 2147483647;
			files = (
			);
			inputPaths = (
			);
			name = "[CP] Copy Pods Resources";
			outputPaths = (
			);
			runOnlyForDeploymentPostprocessing = 0;
			shellPath = /bin/sh;
			shellScript = "\"${SRCROOT}/Pods/Target Support Files/Pods-gmailLoginTests/Pods-gmailLoginTests-resources.sh\"\n";
			showEnvVarsInLog = 0;
		};
/* End PBXShellScriptBuildPhase section */

/* Begin PBXSourcesBuildPhase section */
		F6E5667E1F31CF4700EA4F6F /* Sources */ = {
			isa = PBXSourcesBuildPhase;
			buildActionMask = 2147483647;
			files = (
				F6E5668D1F31CF4800EA4F6F /* ViewController.m in Sources */,
				F6E5668A1F31CF4700EA4F6F /* AppDelegate.m in Sources */,
				F6E566871F31CF4700EA4F6F /* main.m in Sources */,
			);
			runOnlyForDeploymentPostprocessing = 0;
		};
		F6E566971F31CF4800EA4F6F /* Sources */ = {
			isa = PBXSourcesBuildPhase;
			buildActionMask = 2147483647;
			files = (
				F6E566A01F31CF4800EA4F6F /* gmailLoginTests.m in Sources */,
			);
			runOnlyForDeploymentPostprocessing = 0;
		};
		F6E566A21F31CF4800EA4F6F /* Sources */ = {
			isa = PBXSourcesBuildPhase;
			buildActionMask = 2147483647;
			files = (
				F6E566AB1F31CF4800EA4F6F /* gmailLoginUITests.m in Sources */,
			);
			runOnlyForDeploymentPostprocessing = 0;
		};
/* End PBXSourcesBuildPhase section */

/* Begin PBXTargetDependency section */
		F6E5669D1F31CF4800EA4F6F /* PBXTargetDependency */ = {
			isa = PBXTargetDependency;
			target = F6E566811F31CF4700EA4F6F /* gmailLogin */;
			targetProxy = F6E5669C1F31CF4800EA4F6F /* PBXContainerItemProxy */;
		};
		F6E566A81F31CF4800EA4F6F /* PBXTargetDependency */ = {
			isa = PBXTargetDependency;
			target = F6E566811F31CF4700EA4F6F /* gmailLogin */;
			targetProxy = F6E566A71F31CF4800EA4F6F /* PBXContainerItemProxy */;
		};
/* End PBXTargetDependency section */

/* Begin PBXVariantGroup section */
		F6E5668E1F31CF4800EA4F6F /* Main.storyboard */ = {
			isa = PBXVariantGroup;
			children = (
				F6E5668F1F31CF4800EA4F6F /* Base */,
			);
			name = Main.storyboard;
			sourceTree = "<group>";
		};
		F6E566931F31CF4800EA4F6F /* LaunchScreen.storyboard */ = {
			isa = PBXVariantGroup;
			children = (
				F6E566941F31CF4800EA4F6F /* Base */,
			);
			name = LaunchScreen.storyboard;
			sourceTree = "<group>";
		};
/* End PBXVariantGroup section */

/* Begin XCBuildConfiguration section */
		F6E566AD1F31CF4800EA4F6F /* Debug */ = {
			isa = XCBuildConfiguration;
			buildSettings = {
				ALWAYS_SEARCH_USER_PATHS = NO;
				CLANG_ANALYZER_NONNULL = YES;
				CLANG_CXX_LANGUAGE_STANDARD = "gnu++0x";
				CLANG_CXX_LIBRARY = "libc++";
				CLANG_ENABLE_MODULES = YES;
				CLANG_ENABLE_OBJC_ARC = YES;
				CLANG_WARN_BOOL_CONVERSION = YES;
				CLANG_WARN_CONSTANT_CONVERSION = YES;
				CLANG_WARN_DIRECT_OBJC_ISA_USAGE = YES_ERROR;
				CLANG_WARN_DOCUMENTATION_COMMENTS = YES;
				CLANG_WARN_EMPTY_BODY = YES;
				CLANG_WARN_ENUM_CONVERSION = YES;
				CLANG_WARN_INFINITE_RECURSION = YES;
				CLANG_WARN_INT_CONVERSION = YES;
				CLANG_WARN_OBJC_ROOT_CLASS = YES_ERROR;
				CLANG_WARN_SUSPICIOUS_MOVES = YES;
				CLANG_WARN_UNREACHABLE_CODE = YES;
				CLANG_WARN__DUPLICATE_METHOD_MATCH = YES;
				"CODE_SIGN_IDENTITY[sdk=iphoneos*]" = "iPhone Developer";
				COPY_PHASE_STRIP = NO;
				DEBUG_INFORMATION_FORMAT = dwarf;
				ENABLE_STRICT_OBJC_MSGSEND = YES;
				ENABLE_TESTABILITY = YES;
				GCC_C_LANGUAGE_STANDARD = gnu99;
				GCC_DYNAMIC_NO_PIC = NO;
				GCC_NO_COMMON_BLOCKS = YES;
				GCC_OPTIMIZATION_LEVEL = 0;
				GCC_PREPROCESSOR_DEFINITIONS = (
					"DEBUG=1",
					"$(inherited)",
				);
				GCC_WARN_64_TO_32_BIT_CONVERSION = YES;
				GCC_WARN_ABOUT_RETURN_TYPE = YES_ERROR;
				GCC_WARN_UNDECLARED_SELECTOR = YES;
				GCC_WARN_UNINITIALIZED_AUTOS = YES_AGGRESSIVE;
				GCC_WARN_UNUSED_FUNCTION = YES;
				GCC_WARN_UNUSED_VARIABLE = YES;
				IPHONEOS_DEPLOYMENT_TARGET = 10.0;
				MTL_ENABLE_DEBUG_INFO = YES;
				ONLY_ACTIVE_ARCH = YES;
				SDKROOT = iphoneos;
				TARGETED_DEVICE_FAMILY = "1,2";
			};
			name = Debug;
		};
		F6E566AE1F31CF4800EA4F6F /* Release */ = {
			isa = XCBuildConfiguration;
			buildSettings = {
				ALWAYS_SEARCH_USER_PATHS = NO;
				CLANG_ANALYZER_NONNULL = YES;
				CLANG_CXX_LANGUAGE_STANDARD = "gnu++0x";
				CLANG_CXX_LIBRARY = "libc++";
				CLANG_ENABLE_MODULES = YES;
				CLANG_ENABLE_OBJC_ARC = YES;
				CLANG_WARN_BOOL_CONVERSION = YES;
				CLANG_WARN_CONSTANT_CONVERSION = YES;
				CLANG_WARN_DIRECT_OBJC_ISA_USAGE = YES_ERROR;
				CLANG_WARN_DOCUMENTATION_COMMENTS = YES;
				CLANG_WARN_EMPTY_BODY = YES;
				CLANG_WARN_ENUM_CONVERSION = YES;
				CLANG_WARN_INFINITE_RECURSION = YES;
				CLANG_WARN_INT_CONVERSION = YES;
				CLANG_WARN_OBJC_ROOT_CLASS = YES_ERROR;
				CLANG_WARN_SUSPICIOUS_MOVES = YES;
				CLANG_WARN_UNREACHABLE_CODE = YES;
				CLANG_WARN__DUPLICATE_METHOD_MATCH = YES;
				"CODE_SIGN_IDENTITY[sdk=iphoneos*]" = "iPhone Developer";
				COPY_PHASE_STRIP = NO;
				DEBUG_INFORMATION_FORMAT = "dwarf-with-dsym";
				ENABLE_NS_ASSERTIONS = NO;
				ENABLE_STRICT_OBJC_MSGSEND = YES;
				GCC_C_LANGUAGE_STANDARD = gnu99;
				GCC_NO_COMMON_BLOCKS = YES;
				GCC_WARN_64_TO_32_BIT_CONVERSION = YES;
				GCC_WARN_ABOUT_RETURN_TYPE = YES_ERROR;
				GCC_WARN_UNDECLARED_SELECTOR = YES;
				GCC_WARN_UNINITIALIZED_AUTOS = YES_AGGRESSIVE;
				GCC_WARN_UNUSED_FUNCTION = YES;
				GCC_WARN_UNUSED_VARIABLE = YES;
				IPHONEOS_DEPLOYMENT_TARGET = 10.0;
				MTL_ENABLE_DEBUG_INFO = NO;
				SDKROOT = iphoneos;
				TARGETED_DEVICE_FAMILY = "1,2";
				VALIDATE_PRODUCT = YES;
			};
			name = Release;
		};
		F6E566B01F31CF4800EA4F6F /* Debug */ = {
			isa = XCBuildConfiguration;
			baseConfigurationReference = 1A24FEAFC8439C713C965878 /* Pods-gmailLogin.debug.xcconfig */;
			buildSettings = {
				ASSETCATALOG_COMPILER_APPICON_NAME = AppIcon;
				INFOPLIST_FILE = gmailLogin/Info.plist;
				LD_RUNPATH_SEARCH_PATHS = "$(inherited) @executable_path/Frameworks";
				PRODUCT_BUNDLE_IDENTIFIER = com.panaceatek.panacea;
				PRODUCT_NAME = "$(TARGET_NAME)";
			};
			name = Debug;
		};
		F6E566B11F31CF4800EA4F6F /* Release */ = {
			isa = XCBuildConfiguration;
			baseConfigurationReference = 8BA67A4650E289907417731A /* Pods-gmailLogin.release.xcconfig */;
			buildSettings = {
				ASSETCATALOG_COMPILER_APPICON_NAME = AppIcon;
				INFOPLIST_FILE = gmailLogin/Info.plist;
				LD_RUNPATH_SEARCH_PATHS = "$(inherited) @executable_path/Frameworks";
				PRODUCT_BUNDLE_IDENTIFIER = com.panaceatek.panacea;
				PRODUCT_NAME = "$(TARGET_NAME)";
			};
			name = Release;
		};
		F6E566B31F31CF4800EA4F6F /* Debug */ = {
			isa = XCBuildConfiguration;
			baseConfigurationReference = 535150E9BA94D16AF265AAB5 /* Pods-gmailLoginTests.debug.xcconfig */;
			buildSettings = {
				BUNDLE_LOADER = "$(TEST_HOST)";
				INFOPLIST_FILE = gmailLoginTests/Info.plist;
				LD_RUNPATH_SEARCH_PATHS = "$(inherited) @executable_path/Frameworks @loader_path/Frameworks";
				PRODUCT_BUNDLE_IDENTIFIER = com.panaceatek.autolayout.gmailLoginTests;
				PRODUCT_NAME = "$(TARGET_NAME)";
				TEST_HOST = "$(BUILT_PRODUCTS_DIR)/gmailLogin.app/gmailLogin";
			};
			name = Debug;
		};
		F6E566B41F31CF4800EA4F6F /* Release */ = {
			isa = XCBuildConfiguration;
			baseConfigurationReference = BB3C4133CE7E9891720AB30B /* Pods-gmailLoginTests.release.xcconfig */;
			buildSettings = {
				BUNDLE_LOADER = "$(TEST_HOST)";
				INFOPLIST_FILE = gmailLoginTests/Info.plist;
				LD_RUNPATH_SEARCH_PATHS = "$(inherited) @executable_path/Frameworks @loader_path/Frameworks";
				PRODUCT_BUNDLE_IDENTIFIER = com.panaceatek.autolayout.gmailLoginTests;
				PRODUCT_NAME = "$(TARGET_NAME)";
				TEST_HOST = "$(BUILT_PRODUCTS_DIR)/gmailLogin.app/gmailLogin";
			};
			name = Release;
		};
		F6E566B61F31CF4800EA4F6F /* Debug */ = {
			isa = XCBuildConfiguration;
			baseConfigurationReference = 92174306E9D72B76B045FB5F /* Pods-gmailLoginUITests.debug.xcconfig */;
			buildSettings = {
				INFOPLIST_FILE = gmailLoginUITests/Info.plist;
				LD_RUNPATH_SEARCH_PATHS = "$(inherited) @executable_path/Frameworks @loader_path/Frameworks";
				PRODUCT_BUNDLE_IDENTIFIER = com.panaceatek.autolayout.gmailLoginUITests;
				PRODUCT_NAME = "$(TARGET_NAME)";
				TEST_TARGET_NAME = gmailLogin;
			};
			name = Debug;
		};
		F6E566B71F31CF4800EA4F6F /* Release */ = {
			isa = XCBuildConfiguration;
			baseConfigurationReference = D6773EBF8E727BDBEB5FA826 /* Pods-gmailLoginUITests.release.xcconfig */;
			buildSettings = {
				INFOPLIST_FILE = gmailLoginUITests/Info.plist;
				LD_RUNPATH_SEARCH_PATHS = "$(inherited) @executable_path/Frameworks @loader_path/Frameworks";
				PRODUCT_BUNDLE_IDENTIFIER = com.panaceatek.autolayout.gmailLoginUITests;
				PRODUCT_NAME = "$(TARGET_NAME)";
				TEST_TARGET_NAME = gmailLogin;
			};
			name = Release;
		};
/* End XCBuildConfiguration section */

/* Begin XCConfigurationList section */
		F6E5667D1F31CF4700EA4F6F /* Build configuration list for PBXProject "gmailLogin" */ = {
			isa = XCConfigurationList;
			buildConfigurations = (
				F6E566AD1F31CF4800EA4F6F /* Debug */,
				F6E566AE1F31CF4800EA4F6F /* Release */,
			);
			defaultConfigurationIsVisible = 0;
			defaultConfigurationName = Release;
		};
		F6E566AF1F31CF4800EA4F6F /* Build configuration list for PBXNativeTarget "gmailLogin" */ = {
			isa = XCConfigurationList;
			buildConfigurations = (
				F6E566B01F31CF4800EA4F6F /* Debug */,
				F6E566B11F31CF4800EA4F6F /* Release */,
			);
			defaultConfigurationIsVisible = 0;
			defaultConfigurationName = Release;
		};
		F6E566B21F31CF4800EA4F6F /* Build configuration list for PBXNativeTarget "gmailLoginTests" */ = {
			isa = XCConfigurationList;
			buildConfigurations = (
				F6E566B31F31CF4800EA4F6F /* Debug */,
				F6E566B41F31CF4800EA4F6F /* Release */,
			);
			defaultConfigurationIsVisible = 0;
			defaultConfigurationName = Release;
		};
		F6E566B51F31CF4800EA4F6F /* Build configuration list for PBXNativeTarget "gmailLoginUITests" */ = {
			isa = XCConfigurationList;
			buildConfigurations = (
				F6E566B61F31CF4800EA4F6F /* Debug */,
				F6E566B71F31CF4800EA4F6F /* Release */,
			);
			defaultConfigurationIsVisible = 0;
			defaultConfigurationName = Release;
		};
/* End XCConfigurationList section */
	};
	rootObject = F6E5667A1F31CF4700EA4F6F /* Project object */;
}
